// !$*UTF8*$!
{
	archiveVersion = 1;
	classes = {
	};
	objectVersion = 56;
	objects = {

/* Begin PBXBuildFile section */
		470BD91E2965E09A008B5762 /* PostEditViewController.swift in Sources */ = {isa = PBXBuildFile; fileRef = 470BD91D2965E09A008B5762 /* PostEditViewController.swift */; };
		470BD9202965F8F0008B5762 /* PhotoCollectionViewCell.swift in Sources */ = {isa = PBXBuildFile; fileRef = 470BD91F2965F8F0008B5762 /* PhotoCollectionViewCell.swift */; };
		470BD922296686B0008B5762 /* SearchResultViewController.swift in Sources */ = {isa = PBXBuildFile; fileRef = 470BD921296686B0008B5762 /* SearchResultViewController.swift */; };
		473459FC296C8BC700DD440F /* SettingsModels.swift in Sources */ = {isa = PBXBuildFile; fileRef = 473459FB296C8BC700DD440F /* SettingsModels.swift */; };
		47345A00296CBC2A00DD440F /* CommentCollectionViewCell.swift in Sources */ = {isa = PBXBuildFile; fileRef = 473459FF296CBC2A00DD440F /* CommentCollectionViewCell.swift */; };
		47345A02296CCB1900DD440F /* Comment.swift in Sources */ = {isa = PBXBuildFile; fileRef = 47345A01296CCB1900DD440F /* Comment.swift */; };
		47345A04296CE2A400DD440F /* CommentBarView.swift in Sources */ = {isa = PBXBuildFile; fileRef = 47345A03296CE2A400DD440F /* CommentBarView.swift */; };
		475951A5296E207600C40741 /* StoryHeaderView.swift in Sources */ = {isa = PBXBuildFile; fileRef = 475951A4296E207600C40741 /* StoryHeaderView.swift */; };
		475951A7296E24FC00C40741 /* StoriesViewModel.swift in Sources */ = {isa = PBXBuildFile; fileRef = 475951A6296E24FC00C40741 /* StoriesViewModel.swift */; };
		475951A9296E2B1600C40741 /* StoryCollectionViewCell.swift in Sources */ = {isa = PBXBuildFile; fileRef = 475951A8296E2B1600C40741 /* StoryCollectionViewCell.swift */; };
		478AEB8F2964E34A0005E962 /* PosterCollectionViewCellViewModel.swift in Sources */ = {isa = PBXBuildFile; fileRef = 478AEB8E2964E34A0005E962 /* PosterCollectionViewCellViewModel.swift */; };
		478AEB912964E3AC0005E962 /* PostCollectionViewCellViewModel.swift in Sources */ = {isa = PBXBuildFile; fileRef = 478AEB902964E3AC0005E962 /* PostCollectionViewCellViewModel.swift */; };
		478AEB932964E3E90005E962 /* PostActionCollectionViewCellViewModel.swift in Sources */ = {isa = PBXBuildFile; fileRef = 478AEB922964E3E90005E962 /* PostActionCollectionViewCellViewModel.swift */; };
		478AEB952964E41B0005E962 /* PostLikesCollectionViewCellViewModel.swift in Sources */ = {isa = PBXBuildFile; fileRef = 478AEB942964E41B0005E962 /* PostLikesCollectionViewCellViewModel.swift */; };
		478AEB972964E4670005E962 /* PostCaptionCollectionViewCellViewModel.swift in Sources */ = {isa = PBXBuildFile; fileRef = 478AEB962964E4670005E962 /* PostCaptionCollectionViewCellViewModel.swift */; };
		478AEB992964E48A0005E962 /* PostDateTimeCollectionViewCellViewModel.swift in Sources */ = {isa = PBXBuildFile; fileRef = 478AEB982964E48A0005E962 /* PostDateTimeCollectionViewCellViewModel.swift */; };
		478AEB9B2964E5DC0005E962 /* HomeFeedCelltype.swift in Sources */ = {isa = PBXBuildFile; fileRef = 478AEB9A2964E5DC0005E962 /* HomeFeedCelltype.swift */; };
		47D0E45B29687B3D001A0551 /* FollowNotificationTableViewCell.swift in Sources */ = {isa = PBXBuildFile; fileRef = 47D0E45A29687B3C001A0551 /* FollowNotificationTableViewCell.swift */; };
		47D0E45D29687B58001A0551 /* CommentNotificationTableViewCell.swift in Sources */ = {isa = PBXBuildFile; fileRef = 47D0E45C29687B58001A0551 /* CommentNotificationTableViewCell.swift */; };
		47D0E45F29687BE2001A0551 /* LikeNotificationTableViewCell.swift in Sources */ = {isa = PBXBuildFile; fileRef = 47D0E45E29687BE2001A0551 /* LikeNotificationTableViewCell.swift */; };
		47D0E46129687DAE001A0551 /* NotificationManager.swift in Sources */ = {isa = PBXBuildFile; fileRef = 47D0E46029687DAE001A0551 /* NotificationManager.swift */; };
		47D0E46329687FC1001A0551 /* NotificationCellType.swift in Sources */ = {isa = PBXBuildFile; fileRef = 47D0E46229687FC1001A0551 /* NotificationCellType.swift */; };
		47D0E46529688016001A0551 /* NotificationCellViewModel.swift in Sources */ = {isa = PBXBuildFile; fileRef = 47D0E46429688016001A0551 /* NotificationCellViewModel.swift */; };
		47D0E4682969DAF0001A0551 /* ProfileHeaderCollectionReusableView.swift in Sources */ = {isa = PBXBuildFile; fileRef = 47D0E4672969DAF0001A0551 /* ProfileHeaderCollectionReusableView.swift */; };
		47D0E46A2969DCA1001A0551 /* ProfileHeaderViewModel.swift in Sources */ = {isa = PBXBuildFile; fileRef = 47D0E4692969DCA1001A0551 /* ProfileHeaderViewModel.swift */; };
		47D0E46C2969E7EE001A0551 /* ProfileHeaderCountView.swift in Sources */ = {isa = PBXBuildFile; fileRef = 47D0E46B2969E7EE001A0551 /* ProfileHeaderCountView.swift */; };
		47D0E46E2969F424001A0551 /* ProfileHeaderCountViewModel.swift in Sources */ = {isa = PBXBuildFile; fileRef = 47D0E46D2969F424001A0551 /* ProfileHeaderCountViewModel.swift */; };
		47D0E470296A3FBB001A0551 /* UserInfo.swift in Sources */ = {isa = PBXBuildFile; fileRef = 47D0E46F296A3FBB001A0551 /* UserInfo.swift */; };
		47D0E472296A5A68001A0551 /* EditProfileViewController.swift in Sources */ = {isa = PBXBuildFile; fileRef = 47D0E471296A5A68001A0551 /* EditProfileViewController.swift */; };
		47D0E476296A9BFA001A0551 /* IGFollowButton.swift in Sources */ = {isa = PBXBuildFile; fileRef = 47D0E475296A9BFA001A0551 /* IGFollowButton.swift */; };
		47D0E478296B304F001A0551 /* ListUserTableViewCell.swift in Sources */ = {isa = PBXBuildFile; fileRef = 47D0E477296B304F001A0551 /* ListUserTableViewCell.swift */; };
		47D0E47A296B33C7001A0551 /* ListUserTableViewCellViewModel.swift in Sources */ = {isa = PBXBuildFile; fileRef = 47D0E479296B33C7001A0551 /* ListUserTableViewCellViewModel.swift */; };
		47EA7CF729639CBD005CDC4E /* AppDelegate.swift in Sources */ = {isa = PBXBuildFile; fileRef = 47EA7CF629639CBD005CDC4E /* AppDelegate.swift */; };
		47EA7CF929639CBD005CDC4E /* SceneDelegate.swift in Sources */ = {isa = PBXBuildFile; fileRef = 47EA7CF829639CBD005CDC4E /* SceneDelegate.swift */; };
		47EA7CFB29639CBD005CDC4E /* HomeViewController.swift in Sources */ = {isa = PBXBuildFile; fileRef = 47EA7CFA29639CBD005CDC4E /* HomeViewController.swift */; };
		47EA7D0029639CBE005CDC4E /* Assets.xcassets in Resources */ = {isa = PBXBuildFile; fileRef = 47EA7CFF29639CBE005CDC4E /* Assets.xcassets */; };
		47EA7D0329639CBE005CDC4E /* LaunchScreen.storyboard in Resources */ = {isa = PBXBuildFile; fileRef = 47EA7D0129639CBE005CDC4E /* LaunchScreen.storyboard */; };
		47EA7D132963A1E8005CDC4E /* ExploreViewController.swift in Sources */ = {isa = PBXBuildFile; fileRef = 47EA7D122963A1E8005CDC4E /* ExploreViewController.swift */; };
		47EA7D152963A1F5005CDC4E /* NotificationViewController.swift in Sources */ = {isa = PBXBuildFile; fileRef = 47EA7D142963A1F5005CDC4E /* NotificationViewController.swift */; };
		47EA7D172963A1FB005CDC4E /* CameraViewController.swift in Sources */ = {isa = PBXBuildFile; fileRef = 47EA7D162963A1FB005CDC4E /* CameraViewController.swift */; };
		47EA7D192963A20A005CDC4E /* ProfileViewController.swift in Sources */ = {isa = PBXBuildFile; fileRef = 47EA7D182963A20A005CDC4E /* ProfileViewController.swift */; };
		47EA7D1B2963A222005CDC4E /* SettingViewController.swift in Sources */ = {isa = PBXBuildFile; fileRef = 47EA7D1A2963A222005CDC4E /* SettingViewController.swift */; };
		47EA7D1D2963A241005CDC4E /* TabBarViewController.swift in Sources */ = {isa = PBXBuildFile; fileRef = 47EA7D1C2963A241005CDC4E /* TabBarViewController.swift */; };
		47EA7D1F2963A27F005CDC4E /* SignInViewController.swift in Sources */ = {isa = PBXBuildFile; fileRef = 47EA7D1E2963A27F005CDC4E /* SignInViewController.swift */; };
		47EA7D212963A284005CDC4E /* SignUpViewController.swift in Sources */ = {isa = PBXBuildFile; fileRef = 47EA7D202963A284005CDC4E /* SignUpViewController.swift */; };
		47EA7D232963A2A1005CDC4E /* CaptionViewController.swift in Sources */ = {isa = PBXBuildFile; fileRef = 47EA7D222963A2A1005CDC4E /* CaptionViewController.swift */; };
		47EA7D252963A2AE005CDC4E /* ListViewController.swift in Sources */ = {isa = PBXBuildFile; fileRef = 47EA7D242963A2AE005CDC4E /* ListViewController.swift */; };
		47EA7D272963A2BB005CDC4E /* PostViewController.swift in Sources */ = {isa = PBXBuildFile; fileRef = 47EA7D262963A2BB005CDC4E /* PostViewController.swift */; };
		47EA7D292963A344005CDC4E /* Main.storyboard in Resources */ = {isa = PBXBuildFile; fileRef = 47EA7D282963A344005CDC4E /* Main.storyboard */; };
		47EA7D2B2963A364005CDC4E /* User.swift in Sources */ = {isa = PBXBuildFile; fileRef = 47EA7D2A2963A364005CDC4E /* User.swift */; };
		47EA7D2D2963A369005CDC4E /* Post.swift in Sources */ = {isa = PBXBuildFile; fileRef = 47EA7D2C2963A369005CDC4E /* Post.swift */; };
		47EA7D2F2963A371005CDC4E /* Relationship.swift in Sources */ = {isa = PBXBuildFile; fileRef = 47EA7D2E2963A371005CDC4E /* Relationship.swift */; };
		47EA7D312963A379005CDC4E /* IGNotification.swift in Sources */ = {isa = PBXBuildFile; fileRef = 47EA7D302963A379005CDC4E /* IGNotification.swift */; };
		47EA7D332963A39F005CDC4E /* AuthManager.swift in Sources */ = {isa = PBXBuildFile; fileRef = 47EA7D322963A39F005CDC4E /* AuthManager.swift */; };
		47EA7D352963A3A9005CDC4E /* DatabaseManager.swift in Sources */ = {isa = PBXBuildFile; fileRef = 47EA7D342963A3A9005CDC4E /* DatabaseManager.swift */; };
		47EA7D372963A3AF005CDC4E /* StorageManager.swift in Sources */ = {isa = PBXBuildFile; fileRef = 47EA7D362963A3AF005CDC4E /* StorageManager.swift */; };
		47EA7D392963A3BD005CDC4E /* AnalyticsManager.swift in Sources */ = {isa = PBXBuildFile; fileRef = 47EA7D382963A3BD005CDC4E /* AnalyticsManager.swift */; };
		47EA7D3B2963A3CF005CDC4E /* HapticsManager.swift in Sources */ = {isa = PBXBuildFile; fileRef = 47EA7D3A2963A3CF005CDC4E /* HapticsManager.swift */; };
		47EA7D3D2963A4D5005CDC4E /* GoogleService-Info.plist in Resources */ = {isa = PBXBuildFile; fileRef = 47EA7D3C2963A4D5005CDC4E /* GoogleService-Info.plist */; };
		47EA7D3F2963BE17005CDC4E /* SignInHeaderView.swift in Sources */ = {isa = PBXBuildFile; fileRef = 47EA7D3E2963BE17005CDC4E /* SignInHeaderView.swift */; };
		47EA7D412963BFBC005CDC4E /* Extension.swift in Sources */ = {isa = PBXBuildFile; fileRef = 47EA7D402963BFBC005CDC4E /* Extension.swift */; };
		47EA7D432963C6CE005CDC4E /* IGTextField.swift in Sources */ = {isa = PBXBuildFile; fileRef = 47EA7D422963C6CE005CDC4E /* IGTextField.swift */; };
		47FD1C172964F07200EDE474 /* PosterCollectionViewCell.swift in Sources */ = {isa = PBXBuildFile; fileRef = 47FD1C162964F07200EDE474 /* PosterCollectionViewCell.swift */; };
		47FD1C192964F10C00EDE474 /* PostCollectionViewCell.swift in Sources */ = {isa = PBXBuildFile; fileRef = 47FD1C182964F10C00EDE474 /* PostCollectionViewCell.swift */; };
		47FD1C1B2964F13000EDE474 /* PostActionCollectionViewCell.swift in Sources */ = {isa = PBXBuildFile; fileRef = 47FD1C1A2964F13000EDE474 /* PostActionCollectionViewCell.swift */; };
		47FD1C1D2964F14400EDE474 /* PostLikesCollectionViewCell.swift in Sources */ = {isa = PBXBuildFile; fileRef = 47FD1C1C2964F14400EDE474 /* PostLikesCollectionViewCell.swift */; };
		47FD1C1F2964F16100EDE474 /* PostCaptionCollectionViewCell.swift in Sources */ = {isa = PBXBuildFile; fileRef = 47FD1C1E2964F16100EDE474 /* PostCaptionCollectionViewCell.swift */; };
		47FD1C212964F17100EDE474 /* PostDateTimeCollectionViewCell.swift in Sources */ = {isa = PBXBuildFile; fileRef = 47FD1C202964F17100EDE474 /* PostDateTimeCollectionViewCell.swift */; };
		47FD6ED7296E3E83001AF255 /* InstagramTests.swift in Sources */ = {isa = PBXBuildFile; fileRef = 47FD6ED6296E3E83001AF255 /* InstagramTests.swift */; };
		4E3D4DFE67ADF9B519FB1972 /* Pods_Instagram.framework in Frameworks */ = {isa = PBXBuildFile; fileRef = F104F7D184271722DA81F8C7 /* Pods_Instagram.framework */; };
		EE3578E3B2B112D0DFC5B701 /* Pods_InstagramTests.framework in Frameworks */ = {isa = PBXBuildFile; fileRef = 7E3F201FAEC039D796AD4412 /* Pods_InstagramTests.framework */; };
/* End PBXBuildFile section */

/* Begin PBXContainerItemProxy section */
		47FD6ED8296E3E83001AF255 /* PBXContainerItemProxy */ = {
			isa = PBXContainerItemProxy;
			containerPortal = 47EA7CEB29639CBD005CDC4E /* Project object */;
			proxyType = 1;
			remoteGlobalIDString = 47EA7CF229639CBD005CDC4E;
			remoteInfo = Instagram;
		};
/* End PBXContainerItemProxy section */

/* Begin PBXFileReference section */
		2354E9F54FCFFF0C4909BB00 /* Pods-Instagram.release.xcconfig */ = {isa = PBXFileReference; includeInIndex = 1; lastKnownFileType = text.xcconfig; name = "Pods-Instagram.release.xcconfig"; path = "Target Support Files/Pods-Instagram/Pods-Instagram.release.xcconfig"; sourceTree = "<group>"; };
		470BD91D2965E09A008B5762 /* PostEditViewController.swift */ = {isa = PBXFileReference; lastKnownFileType = sourcecode.swift; path = PostEditViewController.swift; sourceTree = "<group>"; };
		470BD91F2965F8F0008B5762 /* PhotoCollectionViewCell.swift */ = {isa = PBXFileReference; lastKnownFileType = sourcecode.swift; path = PhotoCollectionViewCell.swift; sourceTree = "<group>"; };
		470BD921296686B0008B5762 /* SearchResultViewController.swift */ = {isa = PBXFileReference; lastKnownFileType = sourcecode.swift; path = SearchResultViewController.swift; sourceTree = "<group>"; };
		473459FB296C8BC700DD440F /* SettingsModels.swift */ = {isa = PBXFileReference; lastKnownFileType = sourcecode.swift; path = SettingsModels.swift; sourceTree = "<group>"; };
		473459FF296CBC2A00DD440F /* CommentCollectionViewCell.swift */ = {isa = PBXFileReference; lastKnownFileType = sourcecode.swift; path = CommentCollectionViewCell.swift; sourceTree = "<group>"; };
		47345A01296CCB1900DD440F /* Comment.swift */ = {isa = PBXFileReference; lastKnownFileType = sourcecode.swift; path = Comment.swift; sourceTree = "<group>"; };
		47345A03296CE2A400DD440F /* CommentBarView.swift */ = {isa = PBXFileReference; lastKnownFileType = sourcecode.swift; path = CommentBarView.swift; sourceTree = "<group>"; };
		475951A4296E207600C40741 /* StoryHeaderView.swift */ = {isa = PBXFileReference; lastKnownFileType = sourcecode.swift; path = StoryHeaderView.swift; sourceTree = "<group>"; };
		475951A6296E24FC00C40741 /* StoriesViewModel.swift */ = {isa = PBXFileReference; lastKnownFileType = sourcecode.swift; path = StoriesViewModel.swift; sourceTree = "<group>"; };
		475951A8296E2B1600C40741 /* StoryCollectionViewCell.swift */ = {isa = PBXFileReference; fileEncoding = 4; lastKnownFileType = sourcecode.swift; path = StoryCollectionViewCell.swift; sourceTree = "<group>"; };
		478AEB8E2964E34A0005E962 /* PosterCollectionViewCellViewModel.swift */ = {isa = PBXFileReference; lastKnownFileType = sourcecode.swift; path = PosterCollectionViewCellViewModel.swift; sourceTree = "<group>"; };
		478AEB902964E3AC0005E962 /* PostCollectionViewCellViewModel.swift */ = {isa = PBXFileReference; lastKnownFileType = sourcecode.swift; path = PostCollectionViewCellViewModel.swift; sourceTree = "<group>"; };
		478AEB922964E3E90005E962 /* PostActionCollectionViewCellViewModel.swift */ = {isa = PBXFileReference; lastKnownFileType = sourcecode.swift; path = PostActionCollectionViewCellViewModel.swift; sourceTree = "<group>"; };
		478AEB942964E41B0005E962 /* PostLikesCollectionViewCellViewModel.swift */ = {isa = PBXFileReference; lastKnownFileType = sourcecode.swift; path = PostLikesCollectionViewCellViewModel.swift; sourceTree = "<group>"; };
		478AEB962964E4670005E962 /* PostCaptionCollectionViewCellViewModel.swift */ = {isa = PBXFileReference; lastKnownFileType = sourcecode.swift; path = PostCaptionCollectionViewCellViewModel.swift; sourceTree = "<group>"; };
		478AEB982964E48A0005E962 /* PostDateTimeCollectionViewCellViewModel.swift */ = {isa = PBXFileReference; lastKnownFileType = sourcecode.swift; path = PostDateTimeCollectionViewCellViewModel.swift; sourceTree = "<group>"; };
		478AEB9A2964E5DC0005E962 /* HomeFeedCelltype.swift */ = {isa = PBXFileReference; lastKnownFileType = sourcecode.swift; path = HomeFeedCelltype.swift; sourceTree = "<group>"; };
		47D0E45A29687B3C001A0551 /* FollowNotificationTableViewCell.swift */ = {isa = PBXFileReference; lastKnownFileType = sourcecode.swift; path = FollowNotificationTableViewCell.swift; sourceTree = "<group>"; };
		47D0E45C29687B58001A0551 /* CommentNotificationTableViewCell.swift */ = {isa = PBXFileReference; lastKnownFileType = sourcecode.swift; path = CommentNotificationTableViewCell.swift; sourceTree = "<group>"; };
		47D0E45E29687BE2001A0551 /* LikeNotificationTableViewCell.swift */ = {isa = PBXFileReference; lastKnownFileType = sourcecode.swift; path = LikeNotificationTableViewCell.swift; sourceTree = "<group>"; };
		47D0E46029687DAE001A0551 /* NotificationManager.swift */ = {isa = PBXFileReference; lastKnownFileType = sourcecode.swift; path = NotificationManager.swift; sourceTree = "<group>"; };
		47D0E46229687FC1001A0551 /* NotificationCellType.swift */ = {isa = PBXFileReference; lastKnownFileType = sourcecode.swift; path = NotificationCellType.swift; sourceTree = "<group>"; };
		47D0E46429688016001A0551 /* NotificationCellViewModel.swift */ = {isa = PBXFileReference; lastKnownFileType = sourcecode.swift; path = NotificationCellViewModel.swift; sourceTree = "<group>"; };
		47D0E4672969DAF0001A0551 /* ProfileHeaderCollectionReusableView.swift */ = {isa = PBXFileReference; lastKnownFileType = sourcecode.swift; path = ProfileHeaderCollectionReusableView.swift; sourceTree = "<group>"; };
		47D0E4692969DCA1001A0551 /* ProfileHeaderViewModel.swift */ = {isa = PBXFileReference; lastKnownFileType = sourcecode.swift; path = ProfileHeaderViewModel.swift; sourceTree = "<group>"; };
		47D0E46B2969E7EE001A0551 /* ProfileHeaderCountView.swift */ = {isa = PBXFileReference; lastKnownFileType = sourcecode.swift; path = ProfileHeaderCountView.swift; sourceTree = "<group>"; };
		47D0E46D2969F424001A0551 /* ProfileHeaderCountViewModel.swift */ = {isa = PBXFileReference; lastKnownFileType = sourcecode.swift; path = ProfileHeaderCountViewModel.swift; sourceTree = "<group>"; };
		47D0E46F296A3FBB001A0551 /* UserInfo.swift */ = {isa = PBXFileReference; lastKnownFileType = sourcecode.swift; path = UserInfo.swift; sourceTree = "<group>"; };
		47D0E471296A5A68001A0551 /* EditProfileViewController.swift */ = {isa = PBXFileReference; lastKnownFileType = sourcecode.swift; path = EditProfileViewController.swift; sourceTree = "<group>"; };
		47D0E475296A9BFA001A0551 /* IGFollowButton.swift */ = {isa = PBXFileReference; lastKnownFileType = sourcecode.swift; path = IGFollowButton.swift; sourceTree = "<group>"; };
		47D0E477296B304F001A0551 /* ListUserTableViewCell.swift */ = {isa = PBXFileReference; lastKnownFileType = sourcecode.swift; path = ListUserTableViewCell.swift; sourceTree = "<group>"; };
		47D0E479296B33C7001A0551 /* ListUserTableViewCellViewModel.swift */ = {isa = PBXFileReference; lastKnownFileType = sourcecode.swift; path = ListUserTableViewCellViewModel.swift; sourceTree = "<group>"; };
		47EA7CF329639CBD005CDC4E /* Instagram.app */ = {isa = PBXFileReference; explicitFileType = wrapper.application; includeInIndex = 0; path = Instagram.app; sourceTree = BUILT_PRODUCTS_DIR; };
		47EA7CF629639CBD005CDC4E /* AppDelegate.swift */ = {isa = PBXFileReference; lastKnownFileType = sourcecode.swift; path = AppDelegate.swift; sourceTree = "<group>"; };
		47EA7CF829639CBD005CDC4E /* SceneDelegate.swift */ = {isa = PBXFileReference; lastKnownFileType = sourcecode.swift; path = SceneDelegate.swift; sourceTree = "<group>"; };
		47EA7CFA29639CBD005CDC4E /* HomeViewController.swift */ = {isa = PBXFileReference; lastKnownFileType = sourcecode.swift; path = HomeViewController.swift; sourceTree = "<group>"; };
		47EA7CFF29639CBE005CDC4E /* Assets.xcassets */ = {isa = PBXFileReference; lastKnownFileType = folder.assetcatalog; path = Assets.xcassets; sourceTree = "<group>"; };
		47EA7D0229639CBE005CDC4E /* Base */ = {isa = PBXFileReference; lastKnownFileType = file.storyboard; name = Base; path = Base.lproj/LaunchScreen.storyboard; sourceTree = "<group>"; };
		47EA7D0429639CBE005CDC4E /* Info.plist */ = {isa = PBXFileReference; lastKnownFileType = text.plist.xml; path = Info.plist; sourceTree = "<group>"; };
		47EA7D122963A1E8005CDC4E /* ExploreViewController.swift */ = {isa = PBXFileReference; lastKnownFileType = sourcecode.swift; path = ExploreViewController.swift; sourceTree = "<group>"; };
		47EA7D142963A1F5005CDC4E /* NotificationViewController.swift */ = {isa = PBXFileReference; lastKnownFileType = sourcecode.swift; path = NotificationViewController.swift; sourceTree = "<group>"; };
		47EA7D162963A1FB005CDC4E /* CameraViewController.swift */ = {isa = PBXFileReference; lastKnownFileType = sourcecode.swift; path = CameraViewController.swift; sourceTree = "<group>"; };
		47EA7D182963A20A005CDC4E /* ProfileViewController.swift */ = {isa = PBXFileReference; lastKnownFileType = sourcecode.swift; path = ProfileViewController.swift; sourceTree = "<group>"; };
		47EA7D1A2963A222005CDC4E /* SettingViewController.swift */ = {isa = PBXFileReference; lastKnownFileType = sourcecode.swift; path = SettingViewController.swift; sourceTree = "<group>"; };
		47EA7D1C2963A241005CDC4E /* TabBarViewController.swift */ = {isa = PBXFileReference; lastKnownFileType = sourcecode.swift; path = TabBarViewController.swift; sourceTree = "<group>"; };
		47EA7D1E2963A27F005CDC4E /* SignInViewController.swift */ = {isa = PBXFileReference; lastKnownFileType = sourcecode.swift; path = SignInViewController.swift; sourceTree = "<group>"; };
		47EA7D202963A284005CDC4E /* SignUpViewController.swift */ = {isa = PBXFileReference; lastKnownFileType = sourcecode.swift; path = SignUpViewController.swift; sourceTree = "<group>"; };
		47EA7D222963A2A1005CDC4E /* CaptionViewController.swift */ = {isa = PBXFileReference; lastKnownFileType = sourcecode.swift; path = CaptionViewController.swift; sourceTree = "<group>"; };
		47EA7D242963A2AE005CDC4E /* ListViewController.swift */ = {isa = PBXFileReference; lastKnownFileType = sourcecode.swift; path = ListViewController.swift; sourceTree = "<group>"; };
		47EA7D262963A2BB005CDC4E /* PostViewController.swift */ = {isa = PBXFileReference; lastKnownFileType = sourcecode.swift; path = PostViewController.swift; sourceTree = "<group>"; };
		47EA7D282963A344005CDC4E /* Main.storyboard */ = {isa = PBXFileReference; fileEncoding = 4; lastKnownFileType = file.storyboard; path = Main.storyboard; sourceTree = "<group>"; };
		47EA7D2A2963A364005CDC4E /* User.swift */ = {isa = PBXFileReference; lastKnownFileType = sourcecode.swift; path = User.swift; sourceTree = "<group>"; };
		47EA7D2C2963A369005CDC4E /* Post.swift */ = {isa = PBXFileReference; lastKnownFileType = sourcecode.swift; path = Post.swift; sourceTree = "<group>"; };
		47EA7D2E2963A371005CDC4E /* Relationship.swift */ = {isa = PBXFileReference; lastKnownFileType = sourcecode.swift; path = Relationship.swift; sourceTree = "<group>"; };
		47EA7D302963A379005CDC4E /* IGNotification.swift */ = {isa = PBXFileReference; lastKnownFileType = sourcecode.swift; path = IGNotification.swift; sourceTree = "<group>"; };
		47EA7D322963A39F005CDC4E /* AuthManager.swift */ = {isa = PBXFileReference; lastKnownFileType = sourcecode.swift; path = AuthManager.swift; sourceTree = "<group>"; };
		47EA7D342963A3A9005CDC4E /* DatabaseManager.swift */ = {isa = PBXFileReference; lastKnownFileType = sourcecode.swift; path = DatabaseManager.swift; sourceTree = "<group>"; };
		47EA7D362963A3AF005CDC4E /* StorageManager.swift */ = {isa = PBXFileReference; lastKnownFileType = sourcecode.swift; path = StorageManager.swift; sourceTree = "<group>"; };
		47EA7D382963A3BD005CDC4E /* AnalyticsManager.swift */ = {isa = PBXFileReference; lastKnownFileType = sourcecode.swift; path = AnalyticsManager.swift; sourceTree = "<group>"; };
		47EA7D3A2963A3CF005CDC4E /* HapticsManager.swift */ = {isa = PBXFileReference; lastKnownFileType = sourcecode.swift; path = HapticsManager.swift; sourceTree = "<group>"; };
		47EA7D3C2963A4D5005CDC4E /* GoogleService-Info.plist */ = {isa = PBXFileReference; fileEncoding = 4; lastKnownFileType = text.plist.xml; path = "GoogleService-Info.plist"; sourceTree = "<group>"; };
		47EA7D3E2963BE17005CDC4E /* SignInHeaderView.swift */ = {isa = PBXFileReference; lastKnownFileType = sourcecode.swift; path = SignInHeaderView.swift; sourceTree = "<group>"; };
		47EA7D402963BFBC005CDC4E /* Extension.swift */ = {isa = PBXFileReference; lastKnownFileType = sourcecode.swift; path = Extension.swift; sourceTree = "<group>"; };
		47EA7D422963C6CE005CDC4E /* IGTextField.swift */ = {isa = PBXFileReference; lastKnownFileType = sourcecode.swift; path = IGTextField.swift; sourceTree = "<group>"; };
		47FD1C162964F07200EDE474 /* PosterCollectionViewCell.swift */ = {isa = PBXFileReference; lastKnownFileType = sourcecode.swift; path = PosterCollectionViewCell.swift; sourceTree = "<group>"; };
		47FD1C182964F10C00EDE474 /* PostCollectionViewCell.swift */ = {isa = PBXFileReference; lastKnownFileType = sourcecode.swift; path = PostCollectionViewCell.swift; sourceTree = "<group>"; };
		47FD1C1A2964F13000EDE474 /* PostActionCollectionViewCell.swift */ = {isa = PBXFileReference; lastKnownFileType = sourcecode.swift; path = PostActionCollectionViewCell.swift; sourceTree = "<group>"; };
		47FD1C1C2964F14400EDE474 /* PostLikesCollectionViewCell.swift */ = {isa = PBXFileReference; lastKnownFileType = sourcecode.swift; path = PostLikesCollectionViewCell.swift; sourceTree = "<group>"; };
		47FD1C1E2964F16100EDE474 /* PostCaptionCollectionViewCell.swift */ = {isa = PBXFileReference; lastKnownFileType = sourcecode.swift; path = PostCaptionCollectionViewCell.swift; sourceTree = "<group>"; };
		47FD1C202964F17100EDE474 /* PostDateTimeCollectionViewCell.swift */ = {isa = PBXFileReference; lastKnownFileType = sourcecode.swift; path = PostDateTimeCollectionViewCell.swift; sourceTree = "<group>"; };
		47FD6ED4296E3E83001AF255 /* InstagramTests.xctest */ = {isa = PBXFileReference; explicitFileType = wrapper.cfbundle; includeInIndex = 0; path = InstagramTests.xctest; sourceTree = BUILT_PRODUCTS_DIR; };
		47FD6ED6296E3E83001AF255 /* InstagramTests.swift */ = {isa = PBXFileReference; lastKnownFileType = sourcecode.swift; path = InstagramTests.swift; sourceTree = "<group>"; };
		4E79224EE27A3B4B79FEE9D3 /* Pods-Instagram.debug.xcconfig */ = {isa = PBXFileReference; includeInIndex = 1; lastKnownFileType = text.xcconfig; name = "Pods-Instagram.debug.xcconfig"; path = "Target Support Files/Pods-Instagram/Pods-Instagram.debug.xcconfig"; sourceTree = "<group>"; };
		7E3F201FAEC039D796AD4412 /* Pods_InstagramTests.framework */ = {isa = PBXFileReference; explicitFileType = wrapper.framework; includeInIndex = 0; path = Pods_InstagramTests.framework; sourceTree = BUILT_PRODUCTS_DIR; };
		9A9A5B341D8C9AFA2ECB7181 /* Pods-InstagramTests.release.xcconfig */ = {isa = PBXFileReference; includeInIndex = 1; lastKnownFileType = text.xcconfig; name = "Pods-InstagramTests.release.xcconfig"; path = "Target Support Files/Pods-InstagramTests/Pods-InstagramTests.release.xcconfig"; sourceTree = "<group>"; };
		AC81FB940E4CF730057AC266 /* Pods-InstagramTests.debug.xcconfig */ = {isa = PBXFileReference; includeInIndex = 1; lastKnownFileType = text.xcconfig; name = "Pods-InstagramTests.debug.xcconfig"; path = "Target Support Files/Pods-InstagramTests/Pods-InstagramTests.debug.xcconfig"; sourceTree = "<group>"; };
		F104F7D184271722DA81F8C7 /* Pods_Instagram.framework */ = {isa = PBXFileReference; explicitFileType = wrapper.framework; includeInIndex = 0; path = Pods_Instagram.framework; sourceTree = BUILT_PRODUCTS_DIR; };
/* End PBXFileReference section */

/* Begin PBXFrameworksBuildPhase section */
		47EA7CF029639CBD005CDC4E /* Frameworks */ = {
			isa = PBXFrameworksBuildPhase;
			buildActionMask = 2147483647;
			files = (
				4E3D4DFE67ADF9B519FB1972 /* Pods_Instagram.framework in Frameworks */,
			);
			runOnlyForDeploymentPostprocessing = 0;
		};
		47FD6ED1296E3E83001AF255 /* Frameworks */ = {
			isa = PBXFrameworksBuildPhase;
			buildActionMask = 2147483647;
			files = (
				EE3578E3B2B112D0DFC5B701 /* Pods_InstagramTests.framework in Frameworks */,
			);
			runOnlyForDeploymentPostprocessing = 0;
		};
/* End PBXFrameworksBuildPhase section */

/* Begin PBXGroup section */
		478AEB8D2964E3270005E962 /* Cells */ = {
			isa = PBXGroup;
			children = (
				47D0E466296911C3001A0551 /* Notification Cells */,
				47FD1C152964F05800EDE474 /* Home Cells */,
				470BD91F2965F8F0008B5762 /* PhotoCollectionViewCell.swift */,
				47D0E477296B304F001A0551 /* ListUserTableViewCell.swift */,
				475951A8296E2B1600C40741 /* StoryCollectionViewCell.swift */,
			);
			path = Cells;
			sourceTree = "<group>";
		};
		47D0E466296911C3001A0551 /* Notification Cells */ = {
			isa = PBXGroup;
			children = (
				47D0E45A29687B3C001A0551 /* FollowNotificationTableViewCell.swift */,
				47D0E45C29687B58001A0551 /* CommentNotificationTableViewCell.swift */,
				47D0E45E29687BE2001A0551 /* LikeNotificationTableViewCell.swift */,
			);
			path = "Notification Cells";
			sourceTree = "<group>";
		};
		47EA7CEA29639CBD005CDC4E = {
			isa = PBXGroup;
			children = (
				47EA7CF529639CBD005CDC4E /* Instagram */,
				47FD6ED5296E3E83001AF255 /* InstagramTests */,
				47EA7CF429639CBD005CDC4E /* Products */,
				7E4BD13600CCBD31F6D82F17 /* Pods */,
				EF7D0B7C99DBF9EE45281552 /* Frameworks */,
			);
			sourceTree = "<group>";
		};
		47EA7CF429639CBD005CDC4E /* Products */ = {
			isa = PBXGroup;
			children = (
				47EA7CF329639CBD005CDC4E /* Instagram.app */,
				47FD6ED4296E3E83001AF255 /* InstagramTests.xctest */,
			);
			name = Products;
			sourceTree = "<group>";
		};
		47EA7CF529639CBD005CDC4E /* Instagram */ = {
			isa = PBXGroup;
			children = (
				47EA7D0F29639E27005CDC4E /* Managers */,
				47EA7D0D29639E19005CDC4E /* ViewModels */,
				47EA7D0E29639E1F005CDC4E /* Models */,
				47EA7D0B29639E03005CDC4E /* Views */,
				47EA7D0C29639E10005CDC4E /* Controllers */,
				47EA7D0A29639DFB005CDC4E /* Resources */,
				47EA7D0429639CBE005CDC4E /* Info.plist */,
			);
			path = Instagram;
			sourceTree = "<group>";
		};
		47EA7D0A29639DFB005CDC4E /* Resources */ = {
			isa = PBXGroup;
			children = (
				47EA7D3C2963A4D5005CDC4E /* GoogleService-Info.plist */,
				47EA7CF629639CBD005CDC4E /* AppDelegate.swift */,
				47EA7CF829639CBD005CDC4E /* SceneDelegate.swift */,
				47EA7CFF29639CBE005CDC4E /* Assets.xcassets */,
				47EA7D402963BFBC005CDC4E /* Extension.swift */,
			);
			path = Resources;
			sourceTree = "<group>";
		};
		47EA7D0B29639E03005CDC4E /* Views */ = {
			isa = PBXGroup;
			children = (
				478AEB8D2964E3270005E962 /* Cells */,
				47EA7D3E2963BE17005CDC4E /* SignInHeaderView.swift */,
				47EA7D0129639CBE005CDC4E /* LaunchScreen.storyboard */,
				47EA7D282963A344005CDC4E /* Main.storyboard */,
				47EA7D422963C6CE005CDC4E /* IGTextField.swift */,
				47D0E4672969DAF0001A0551 /* ProfileHeaderCollectionReusableView.swift */,
				47D0E46B2969E7EE001A0551 /* ProfileHeaderCountView.swift */,
				47D0E475296A9BFA001A0551 /* IGFollowButton.swift */,
				47345A03296CE2A400DD440F /* CommentBarView.swift */,
				475951A4296E207600C40741 /* StoryHeaderView.swift */,
			);
			path = Views;
			sourceTree = "<group>";
		};
		47EA7D0C29639E10005CDC4E /* Controllers */ = {
			isa = PBXGroup;
			children = (
				47EA7D102963A1D2005CDC4E /* Core */,
				47EA7D112963A1D8005CDC4E /* Others */,
				47D0E471296A5A68001A0551 /* EditProfileViewController.swift */,
			);
			name = Controllers;
			sourceTree = "<group>";
		};
		47EA7D0D29639E19005CDC4E /* ViewModels */ = {
			isa = PBXGroup;
			children = (
				478AEB8E2964E34A0005E962 /* PosterCollectionViewCellViewModel.swift */,
				478AEB902964E3AC0005E962 /* PostCollectionViewCellViewModel.swift */,
				478AEB922964E3E90005E962 /* PostActionCollectionViewCellViewModel.swift */,
				478AEB942964E41B0005E962 /* PostLikesCollectionViewCellViewModel.swift */,
				478AEB962964E4670005E962 /* PostCaptionCollectionViewCellViewModel.swift */,
				478AEB982964E48A0005E962 /* PostDateTimeCollectionViewCellViewModel.swift */,
				47D0E46429688016001A0551 /* NotificationCellViewModel.swift */,
				47D0E4692969DCA1001A0551 /* ProfileHeaderViewModel.swift */,
				47D0E46D2969F424001A0551 /* ProfileHeaderCountViewModel.swift */,
				47D0E479296B33C7001A0551 /* ListUserTableViewCellViewModel.swift */,
				475951A6296E24FC00C40741 /* StoriesViewModel.swift */,
			);
			path = ViewModels;
			sourceTree = "<group>";
		};
		47EA7D0E29639E1F005CDC4E /* Models */ = {
			isa = PBXGroup;
			children = (
				47EA7D2A2963A364005CDC4E /* User.swift */,
				47EA7D2C2963A369005CDC4E /* Post.swift */,
				47EA7D2E2963A371005CDC4E /* Relationship.swift */,
				47EA7D302963A379005CDC4E /* IGNotification.swift */,
				478AEB9A2964E5DC0005E962 /* HomeFeedCelltype.swift */,
				47D0E46229687FC1001A0551 /* NotificationCellType.swift */,
				47D0E46F296A3FBB001A0551 /* UserInfo.swift */,
				473459FB296C8BC700DD440F /* SettingsModels.swift */,
				47345A01296CCB1900DD440F /* Comment.swift */,
			);
			name = Models;
			path = "New Group1";
			sourceTree = "<group>";
		};
		47EA7D0F29639E27005CDC4E /* Managers */ = {
			isa = PBXGroup;
			children = (
				47EA7D322963A39F005CDC4E /* AuthManager.swift */,
				47EA7D342963A3A9005CDC4E /* DatabaseManager.swift */,
				47EA7D362963A3AF005CDC4E /* StorageManager.swift */,
				47EA7D382963A3BD005CDC4E /* AnalyticsManager.swift */,
				47EA7D3A2963A3CF005CDC4E /* HapticsManager.swift */,
				47D0E46029687DAE001A0551 /* NotificationManager.swift */,
			);
			path = Managers;
			sourceTree = "<group>";
		};
		47EA7D102963A1D2005CDC4E /* Core */ = {
			isa = PBXGroup;
			children = (
				47EA7CFA29639CBD005CDC4E /* HomeViewController.swift */,
				47EA7D122963A1E8005CDC4E /* ExploreViewController.swift */,
				47EA7D142963A1F5005CDC4E /* NotificationViewController.swift */,
				47EA7D162963A1FB005CDC4E /* CameraViewController.swift */,
				47EA7D182963A20A005CDC4E /* ProfileViewController.swift */,
				47EA7D1C2963A241005CDC4E /* TabBarViewController.swift */,
			);
			name = Core;
			sourceTree = "<group>";
		};
		47EA7D112963A1D8005CDC4E /* Others */ = {
			isa = PBXGroup;
			children = (
				47EA7D1A2963A222005CDC4E /* SettingViewController.swift */,
				47EA7D1E2963A27F005CDC4E /* SignInViewController.swift */,
				47EA7D202963A284005CDC4E /* SignUpViewController.swift */,
				47EA7D222963A2A1005CDC4E /* CaptionViewController.swift */,
				47EA7D242963A2AE005CDC4E /* ListViewController.swift */,
				47EA7D262963A2BB005CDC4E /* PostViewController.swift */,
				470BD91D2965E09A008B5762 /* PostEditViewController.swift */,
				470BD921296686B0008B5762 /* SearchResultViewController.swift */,
			);
			name = Others;
			sourceTree = "<group>";
		};
		47FD1C152964F05800EDE474 /* Home Cells */ = {
			isa = PBXGroup;
			children = (
				47FD1C162964F07200EDE474 /* PosterCollectionViewCell.swift */,
				47FD1C182964F10C00EDE474 /* PostCollectionViewCell.swift */,
				47FD1C1A2964F13000EDE474 /* PostActionCollectionViewCell.swift */,
				47FD1C1C2964F14400EDE474 /* PostLikesCollectionViewCell.swift */,
				47FD1C1E2964F16100EDE474 /* PostCaptionCollectionViewCell.swift */,
				47FD1C202964F17100EDE474 /* PostDateTimeCollectionViewCell.swift */,
				473459FF296CBC2A00DD440F /* CommentCollectionViewCell.swift */,
			);
			path = "Home Cells";
			sourceTree = "<group>";
		};
		47FD6ED5296E3E83001AF255 /* InstagramTests */ = {
			isa = PBXGroup;
			children = (
				47FD6ED6296E3E83001AF255 /* InstagramTests.swift */,
			);
			path = InstagramTests;
			sourceTree = "<group>";
		};
		7E4BD13600CCBD31F6D82F17 /* Pods */ = {
			isa = PBXGroup;
			children = (
				4E79224EE27A3B4B79FEE9D3 /* Pods-Instagram.debug.xcconfig */,
				2354E9F54FCFFF0C4909BB00 /* Pods-Instagram.release.xcconfig */,
				AC81FB940E4CF730057AC266 /* Pods-InstagramTests.debug.xcconfig */,
				9A9A5B341D8C9AFA2ECB7181 /* Pods-InstagramTests.release.xcconfig */,
			);
			path = Pods;
			sourceTree = "<group>";
		};
		EF7D0B7C99DBF9EE45281552 /* Frameworks */ = {
			isa = PBXGroup;
			children = (
				F104F7D184271722DA81F8C7 /* Pods_Instagram.framework */,
				7E3F201FAEC039D796AD4412 /* Pods_InstagramTests.framework */,
			);
			name = Frameworks;
			sourceTree = "<group>";
		};
/* End PBXGroup section */

/* Begin PBXNativeTarget section */
		47EA7CF229639CBD005CDC4E /* Instagram */ = {
			isa = PBXNativeTarget;
			buildConfigurationList = 47EA7D0729639CBE005CDC4E /* Build configuration list for PBXNativeTarget "Instagram" */;
			buildPhases = (
				63EF0BD66C32DD6127ABA508 /* [CP] Check Pods Manifest.lock */,
				47EA7CEF29639CBD005CDC4E /* Sources */,
				47EA7CF029639CBD005CDC4E /* Frameworks */,
				47EA7CF129639CBD005CDC4E /* Resources */,
				EA0913937F9A2D5D95907E36 /* [CP] Embed Pods Frameworks */,
			);
			buildRules = (
			);
			dependencies = (
			);
			name = Instagram;
			productName = Instagram;
			productReference = 47EA7CF329639CBD005CDC4E /* Instagram.app */;
			productType = "com.apple.product-type.application";
		};
		47FD6ED3296E3E83001AF255 /* InstagramTests */ = {
			isa = PBXNativeTarget;
			buildConfigurationList = 47FD6EDC296E3E83001AF255 /* Build configuration list for PBXNativeTarget "InstagramTests" */;
			buildPhases = (
				810C4D707F2A91228A8AB0F0 /* [CP] Check Pods Manifest.lock */,
				47FD6ED0296E3E83001AF255 /* Sources */,
				47FD6ED1296E3E83001AF255 /* Frameworks */,
				47FD6ED2296E3E83001AF255 /* Resources */,
				FB87022A635E2B50006D0C49 /* [CP] Embed Pods Frameworks */,
			);
			buildRules = (
			);
			dependencies = (
				47FD6ED9296E3E83001AF255 /* PBXTargetDependency */,
			);
			name = InstagramTests;
			productName = InstagramTests;
			productReference = 47FD6ED4296E3E83001AF255 /* InstagramTests.xctest */;
			productType = "com.apple.product-type.bundle.unit-test";
		};
/* End PBXNativeTarget section */

/* Begin PBXProject section */
		47EA7CEB29639CBD005CDC4E /* Project object */ = {
			isa = PBXProject;
			attributes = {
				BuildIndependentTargetsInParallel = 1;
				LastSwiftUpdateCheck = 1420;
				LastUpgradeCheck = 1420;
				TargetAttributes = {
					47EA7CF229639CBD005CDC4E = {
						CreatedOnToolsVersion = 14.2;
					};
					47FD6ED3296E3E83001AF255 = {
						CreatedOnToolsVersion = 14.2;
						TestTargetID = 47EA7CF229639CBD005CDC4E;
					};
				};
			};
			buildConfigurationList = 47EA7CEE29639CBD005CDC4E /* Build configuration list for PBXProject "Instagram" */;
			compatibilityVersion = "Xcode 14.0";
			developmentRegion = en;
			hasScannedForEncodings = 0;
			knownRegions = (
				en,
				Base,
			);
			mainGroup = 47EA7CEA29639CBD005CDC4E;
			productRefGroup = 47EA7CF429639CBD005CDC4E /* Products */;
			projectDirPath = "";
			projectRoot = "";
			targets = (
				47EA7CF229639CBD005CDC4E /* Instagram */,
				47FD6ED3296E3E83001AF255 /* InstagramTests */,
			);
		};
/* End PBXProject section */

/* Begin PBXResourcesBuildPhase section */
		47EA7CF129639CBD005CDC4E /* Resources */ = {
			isa = PBXResourcesBuildPhase;
			buildActionMask = 2147483647;
			files = (
				47EA7D292963A344005CDC4E /* Main.storyboard in Resources */,
				47EA7D3D2963A4D5005CDC4E /* GoogleService-Info.plist in Resources */,
				47EA7D0329639CBE005CDC4E /* LaunchScreen.storyboard in Resources */,
				47EA7D0029639CBE005CDC4E /* Assets.xcassets in Resources */,
			);
			runOnlyForDeploymentPostprocessing = 0;
		};
		47FD6ED2296E3E83001AF255 /* Resources */ = {
			isa = PBXResourcesBuildPhase;
			buildActionMask = 2147483647;
			files = (
			);
			runOnlyForDeploymentPostprocessing = 0;
		};
/* End PBXResourcesBuildPhase section */

/* Begin PBXShellScriptBuildPhase section */
		63EF0BD66C32DD6127ABA508 /* [CP] Check Pods Manifest.lock */ = {
			isa = PBXShellScriptBuildPhase;
			buildActionMask = 2147483647;
			files = (
			);
			inputFileListPaths = (
			);
			inputPaths = (
				"${PODS_PODFILE_DIR_PATH}/Podfile.lock",
				"${PODS_ROOT}/Manifest.lock",
			);
			name = "[CP] Check Pods Manifest.lock";
			outputFileListPaths = (
			);
			outputPaths = (
				"$(DERIVED_FILE_DIR)/Pods-Instagram-checkManifestLockResult.txt",
			);
			runOnlyForDeploymentPostprocessing = 0;
			shellPath = /bin/sh;
			shellScript = "diff \"${PODS_PODFILE_DIR_PATH}/Podfile.lock\" \"${PODS_ROOT}/Manifest.lock\" > /dev/null\nif [ $? != 0 ] ; then\n    # print error to STDERR\n    echo \"error: The sandbox is not in sync with the Podfile.lock. Run 'pod install' or update your CocoaPods installation.\" >&2\n    exit 1\nfi\n# This output is used by Xcode 'outputs' to avoid re-running this script phase.\necho \"SUCCESS\" > \"${SCRIPT_OUTPUT_FILE_0}\"\n";
			showEnvVarsInLog = 0;
		};
		810C4D707F2A91228A8AB0F0 /* [CP] Check Pods Manifest.lock */ = {
			isa = PBXShellScriptBuildPhase;
			buildActionMask = 2147483647;
			files = (
			);
			inputFileListPaths = (
			);
			inputPaths = (
				"${PODS_PODFILE_DIR_PATH}/Podfile.lock",
				"${PODS_ROOT}/Manifest.lock",
			);
			name = "[CP] Check Pods Manifest.lock";
			outputFileListPaths = (
			);
			outputPaths = (
				"$(DERIVED_FILE_DIR)/Pods-InstagramTests-checkManifestLockResult.txt",
			);
			runOnlyForDeploymentPostprocessing = 0;
			shellPath = /bin/sh;
			shellScript = "diff \"${PODS_PODFILE_DIR_PATH}/Podfile.lock\" \"${PODS_ROOT}/Manifest.lock\" > /dev/null\nif [ $? != 0 ] ; then\n    # print error to STDERR\n    echo \"error: The sandbox is not in sync with the Podfile.lock. Run 'pod install' or update your CocoaPods installation.\" >&2\n    exit 1\nfi\n# This output is used by Xcode 'outputs' to avoid re-running this script phase.\necho \"SUCCESS\" > \"${SCRIPT_OUTPUT_FILE_0}\"\n";
			showEnvVarsInLog = 0;
		};
		EA0913937F9A2D5D95907E36 /* [CP] Embed Pods Frameworks */ = {
			isa = PBXShellScriptBuildPhase;
			buildActionMask = 2147483647;
			files = (
			);
			inputFileListPaths = (
				"${PODS_ROOT}/Target Support Files/Pods-Instagram/Pods-Instagram-frameworks-${CONFIGURATION}-input-files.xcfilelist",
			);
			name = "[CP] Embed Pods Frameworks";
			outputFileListPaths = (
				"${PODS_ROOT}/Target Support Files/Pods-Instagram/Pods-Instagram-frameworks-${CONFIGURATION}-output-files.xcfilelist",
			);
			runOnlyForDeploymentPostprocessing = 0;
			shellPath = /bin/sh;
			shellScript = "\"${PODS_ROOT}/Target Support Files/Pods-Instagram/Pods-Instagram-frameworks.sh\"\n";
			showEnvVarsInLog = 0;
		};
		FB87022A635E2B50006D0C49 /* [CP] Embed Pods Frameworks */ = {
			isa = PBXShellScriptBuildPhase;
			buildActionMask = 2147483647;
			files = (
			);
			inputFileListPaths = (
				"${PODS_ROOT}/Target Support Files/Pods-InstagramTests/Pods-InstagramTests-frameworks-${CONFIGURATION}-input-files.xcfilelist",
			);
			name = "[CP] Embed Pods Frameworks";
			outputFileListPaths = (
				"${PODS_ROOT}/Target Support Files/Pods-InstagramTests/Pods-InstagramTests-frameworks-${CONFIGURATION}-output-files.xcfilelist",
			);
			runOnlyForDeploymentPostprocessing = 0;
			shellPath = /bin/sh;
			shellScript = "\"${PODS_ROOT}/Target Support Files/Pods-InstagramTests/Pods-InstagramTests-frameworks.sh\"\n";
			showEnvVarsInLog = 0;
		};
/* End PBXShellScriptBuildPhase section */

/* Begin PBXSourcesBuildPhase section */
		47EA7CEF29639CBD005CDC4E /* Sources */ = {
			isa = PBXSourcesBuildPhase;
			buildActionMask = 2147483647;
			files = (
				475951A9296E2B1600C40741 /* StoryCollectionViewCell.swift in Sources */,
				47EA7D212963A284005CDC4E /* SignUpViewController.swift in Sources */,
				47FD1C1D2964F14400EDE474 /* PostLikesCollectionViewCell.swift in Sources */,
				473459FC296C8BC700DD440F /* SettingsModels.swift in Sources */,
				47EA7D152963A1F5005CDC4E /* NotificationViewController.swift in Sources */,
				47D0E46C2969E7EE001A0551 /* ProfileHeaderCountView.swift in Sources */,
				47D0E4682969DAF0001A0551 /* ProfileHeaderCollectionReusableView.swift in Sources */,
				47EA7D312963A379005CDC4E /* IGNotification.swift in Sources */,
				47EA7D372963A3AF005CDC4E /* StorageManager.swift in Sources */,
				47D0E476296A9BFA001A0551 /* IGFollowButton.swift in Sources */,
				478AEB992964E48A0005E962 /* PostDateTimeCollectionViewCellViewModel.swift in Sources */,
				47D0E46329687FC1001A0551 /* NotificationCellType.swift in Sources */,
				47D0E46E2969F424001A0551 /* ProfileHeaderCountViewModel.swift in Sources */,
				47FD1C192964F10C00EDE474 /* PostCollectionViewCell.swift in Sources */,
				47EA7D272963A2BB005CDC4E /* PostViewController.swift in Sources */,
				47EA7D3F2963BE17005CDC4E /* SignInHeaderView.swift in Sources */,
				47EA7D132963A1E8005CDC4E /* ExploreViewController.swift in Sources */,
				475951A7296E24FC00C40741 /* StoriesViewModel.swift in Sources */,
				478AEB8F2964E34A0005E962 /* PosterCollectionViewCellViewModel.swift in Sources */,
				47D0E45D29687B58001A0551 /* CommentNotificationTableViewCell.swift in Sources */,
				47EA7CFB29639CBD005CDC4E /* HomeViewController.swift in Sources */,
				478AEB9B2964E5DC0005E962 /* HomeFeedCelltype.swift in Sources */,
				47EA7D1B2963A222005CDC4E /* SettingViewController.swift in Sources */,
				47EA7D392963A3BD005CDC4E /* AnalyticsManager.swift in Sources */,
				47EA7D412963BFBC005CDC4E /* Extension.swift in Sources */,
				47EA7D1D2963A241005CDC4E /* TabBarViewController.swift in Sources */,
				47D0E47A296B33C7001A0551 /* ListUserTableViewCellViewModel.swift in Sources */,
				47EA7CF729639CBD005CDC4E /* AppDelegate.swift in Sources */,
				47EA7D2B2963A364005CDC4E /* User.swift in Sources */,
				47EA7D232963A2A1005CDC4E /* CaptionViewController.swift in Sources */,
				478AEB912964E3AC0005E962 /* PostCollectionViewCellViewModel.swift in Sources */,
				47345A04296CE2A400DD440F /* CommentBarView.swift in Sources */,
				47D0E472296A5A68001A0551 /* EditProfileViewController.swift in Sources */,
				47D0E46129687DAE001A0551 /* NotificationManager.swift in Sources */,
				47EA7D432963C6CE005CDC4E /* IGTextField.swift in Sources */,
				470BD922296686B0008B5762 /* SearchResultViewController.swift in Sources */,
				478AEB952964E41B0005E962 /* PostLikesCollectionViewCellViewModel.swift in Sources */,
				47EA7D192963A20A005CDC4E /* ProfileViewController.swift in Sources */,
				47EA7D352963A3A9005CDC4E /* DatabaseManager.swift in Sources */,
				47D0E46529688016001A0551 /* NotificationCellViewModel.swift in Sources */,
				47FD1C1B2964F13000EDE474 /* PostActionCollectionViewCell.swift in Sources */,
				47D0E478296B304F001A0551 /* ListUserTableViewCell.swift in Sources */,
				470BD91E2965E09A008B5762 /* PostEditViewController.swift in Sources */,
				47EA7D2F2963A371005CDC4E /* Relationship.swift in Sources */,
				478AEB972964E4670005E962 /* PostCaptionCollectionViewCellViewModel.swift in Sources */,
				47D0E46A2969DCA1001A0551 /* ProfileHeaderViewModel.swift in Sources */,
				47EA7D2D2963A369005CDC4E /* Post.swift in Sources */,
				47D0E45F29687BE2001A0551 /* LikeNotificationTableViewCell.swift in Sources */,
				478AEB932964E3E90005E962 /* PostActionCollectionViewCellViewModel.swift in Sources */,
				47345A00296CBC2A00DD440F /* CommentCollectionViewCell.swift in Sources */,
				47EA7D332963A39F005CDC4E /* AuthManager.swift in Sources */,
				47D0E45B29687B3D001A0551 /* FollowNotificationTableViewCell.swift in Sources */,
				47EA7CF929639CBD005CDC4E /* SceneDelegate.swift in Sources */,
				47D0E470296A3FBB001A0551 /* UserInfo.swift in Sources */,
				47FD1C212964F17100EDE474 /* PostDateTimeCollectionViewCell.swift in Sources */,
				47EA7D1F2963A27F005CDC4E /* SignInViewController.swift in Sources */,
				470BD9202965F8F0008B5762 /* PhotoCollectionViewCell.swift in Sources */,
				475951A5296E207600C40741 /* StoryHeaderView.swift in Sources */,
				47EA7D3B2963A3CF005CDC4E /* HapticsManager.swift in Sources */,
				47345A02296CCB1900DD440F /* Comment.swift in Sources */,
				47FD1C172964F07200EDE474 /* PosterCollectionViewCell.swift in Sources */,
				47EA7D252963A2AE005CDC4E /* ListViewController.swift in Sources */,
				47EA7D172963A1FB005CDC4E /* CameraViewController.swift in Sources */,
				47FD1C1F2964F16100EDE474 /* PostCaptionCollectionViewCell.swift in Sources */,
			);
			runOnlyForDeploymentPostprocessing = 0;
		};
		47FD6ED0296E3E83001AF255 /* Sources */ = {
			isa = PBXSourcesBuildPhase;
			buildActionMask = 2147483647;
			files = (
				47FD6ED7296E3E83001AF255 /* InstagramTests.swift in Sources */,
			);
			runOnlyForDeploymentPostprocessing = 0;
		};
/* End PBXSourcesBuildPhase section */

/* Begin PBXTargetDependency section */
		47FD6ED9296E3E83001AF255 /* PBXTargetDependency */ = {
			isa = PBXTargetDependency;
			target = 47EA7CF229639CBD005CDC4E /* Instagram */;
			targetProxy = 47FD6ED8296E3E83001AF255 /* PBXContainerItemProxy */;
		};
/* End PBXTargetDependency section */

/* Begin PBXVariantGroup section */
		47EA7D0129639CBE005CDC4E /* LaunchScreen.storyboard */ = {
			isa = PBXVariantGroup;
			children = (
				47EA7D0229639CBE005CDC4E /* Base */,
			);
			name = LaunchScreen.storyboard;
			sourceTree = "<group>";
		};
/* End PBXVariantGroup section */

/* Begin XCBuildConfiguration section */
		47EA7D0529639CBE005CDC4E /* Debug */ = {
			isa = XCBuildConfiguration;
			buildSettings = {
				ALWAYS_SEARCH_USER_PATHS = NO;
				CLANG_ANALYZER_NONNULL = YES;
				CLANG_ANALYZER_NUMBER_OBJECT_CONVERSION = YES_AGGRESSIVE;
				CLANG_CXX_LANGUAGE_STANDARD = "gnu++20";
				CLANG_ENABLE_MODULES = YES;
				CLANG_ENABLE_OBJC_ARC = YES;
				CLANG_ENABLE_OBJC_WEAK = YES;
				CLANG_WARN_BLOCK_CAPTURE_AUTORELEASING = YES;
				CLANG_WARN_BOOL_CONVERSION = YES;
				CLANG_WARN_COMMA = YES;
				CLANG_WARN_CONSTANT_CONVERSION = YES;
				CLANG_WARN_DEPRECATED_OBJC_IMPLEMENTATIONS = YES;
				CLANG_WARN_DIRECT_OBJC_ISA_USAGE = YES_ERROR;
				CLANG_WARN_DOCUMENTATION_COMMENTS = YES;
				CLANG_WARN_EMPTY_BODY = YES;
				CLANG_WARN_ENUM_CONVERSION = YES;
				CLANG_WARN_INFINITE_RECURSION = YES;
				CLANG_WARN_INT_CONVERSION = YES;
				CLANG_WARN_NON_LITERAL_NULL_CONVERSION = YES;
				CLANG_WARN_OBJC_IMPLICIT_RETAIN_SELF = YES;
				CLANG_WARN_OBJC_LITERAL_CONVERSION = YES;
				CLANG_WARN_OBJC_ROOT_CLASS = YES_ERROR;
				CLANG_WARN_QUOTED_INCLUDE_IN_FRAMEWORK_HEADER = YES;
				CLANG_WARN_RANGE_LOOP_ANALYSIS = YES;
				CLANG_WARN_STRICT_PROTOTYPES = YES;
				CLANG_WARN_SUSPICIOUS_MOVE = YES;
				CLANG_WARN_UNGUARDED_AVAILABILITY = YES_AGGRESSIVE;
				CLANG_WARN_UNREACHABLE_CODE = YES;
				CLANG_WARN__DUPLICATE_METHOD_MATCH = YES;
				COPY_PHASE_STRIP = NO;
				DEBUG_INFORMATION_FORMAT = dwarf;
				ENABLE_STRICT_OBJC_MSGSEND = YES;
				ENABLE_TESTABILITY = YES;
				GCC_C_LANGUAGE_STANDARD = gnu11;
				GCC_DYNAMIC_NO_PIC = NO;
				GCC_NO_COMMON_BLOCKS = YES;
				GCC_OPTIMIZATION_LEVEL = 0;
				GCC_PREPROCESSOR_DEFINITIONS = (
					"DEBUG=1",
					"$(inherited)",
				);
				GCC_WARN_64_TO_32_BIT_CONVERSION = YES;
				GCC_WARN_ABOUT_RETURN_TYPE = YES_ERROR;
				GCC_WARN_UNDECLARED_SELECTOR = YES;
				GCC_WARN_UNINITIALIZED_AUTOS = YES_AGGRESSIVE;
				GCC_WARN_UNUSED_FUNCTION = YES;
				GCC_WARN_UNUSED_VARIABLE = YES;
				IPHONEOS_DEPLOYMENT_TARGET = 13.0;
				MTL_ENABLE_DEBUG_INFO = INCLUDE_SOURCE;
				MTL_FAST_MATH = YES;
				ONLY_ACTIVE_ARCH = YES;
				SDKROOT = iphoneos;
				SWIFT_ACTIVE_COMPILATION_CONDITIONS = DEBUG;
				SWIFT_OPTIMIZATION_LEVEL = "-Onone";
			};
			name = Debug;
		};
		47EA7D0629639CBE005CDC4E /* Release */ = {
			isa = XCBuildConfiguration;
			buildSettings = {
				ALWAYS_SEARCH_USER_PATHS = NO;
				CLANG_ANALYZER_NONNULL = YES;
				CLANG_ANALYZER_NUMBER_OBJECT_CONVERSION = YES_AGGRESSIVE;
				CLANG_CXX_LANGUAGE_STANDARD = "gnu++20";
				CLANG_ENABLE_MODULES = YES;
				CLANG_ENABLE_OBJC_ARC = YES;
				CLANG_ENABLE_OBJC_WEAK = YES;
				CLANG_WARN_BLOCK_CAPTURE_AUTORELEASING = YES;
				CLANG_WARN_BOOL_CONVERSION = YES;
				CLANG_WARN_COMMA = YES;
				CLANG_WARN_CONSTANT_CONVERSION = YES;
				CLANG_WARN_DEPRECATED_OBJC_IMPLEMENTATIONS = YES;
				CLANG_WARN_DIRECT_OBJC_ISA_USAGE = YES_ERROR;
				CLANG_WARN_DOCUMENTATION_COMMENTS = YES;
				CLANG_WARN_EMPTY_BODY = YES;
				CLANG_WARN_ENUM_CONVERSION = YES;
				CLANG_WARN_INFINITE_RECURSION = YES;
				CLANG_WARN_INT_CONVERSION = YES;
				CLANG_WARN_NON_LITERAL_NULL_CONVERSION = YES;
				CLANG_WARN_OBJC_IMPLICIT_RETAIN_SELF = YES;
				CLANG_WARN_OBJC_LITERAL_CONVERSION = YES;
				CLANG_WARN_OBJC_ROOT_CLASS = YES_ERROR;
				CLANG_WARN_QUOTED_INCLUDE_IN_FRAMEWORK_HEADER = YES;
				CLANG_WARN_RANGE_LOOP_ANALYSIS = YES;
				CLANG_WARN_STRICT_PROTOTYPES = YES;
				CLANG_WARN_SUSPICIOUS_MOVE = YES;
				CLANG_WARN_UNGUARDED_AVAILABILITY = YES_AGGRESSIVE;
				CLANG_WARN_UNREACHABLE_CODE = YES;
				CLANG_WARN__DUPLICATE_METHOD_MATCH = YES;
				COPY_PHASE_STRIP = NO;
				DEBUG_INFORMATION_FORMAT = "dwarf-with-dsym";
				ENABLE_NS_ASSERTIONS = NO;
				ENABLE_STRICT_OBJC_MSGSEND = YES;
				GCC_C_LANGUAGE_STANDARD = gnu11;
				GCC_NO_COMMON_BLOCKS = YES;
				GCC_WARN_64_TO_32_BIT_CONVERSION = YES;
				GCC_WARN_ABOUT_RETURN_TYPE = YES_ERROR;
				GCC_WARN_UNDECLARED_SELECTOR = YES;
				GCC_WARN_UNINITIALIZED_AUTOS = YES_AGGRESSIVE;
				GCC_WARN_UNUSED_FUNCTION = YES;
				GCC_WARN_UNUSED_VARIABLE = YES;
				IPHONEOS_DEPLOYMENT_TARGET = 13.0;
				MTL_ENABLE_DEBUG_INFO = NO;
				MTL_FAST_MATH = YES;
				SDKROOT = iphoneos;
				SWIFT_COMPILATION_MODE = wholemodule;
				SWIFT_OPTIMIZATION_LEVEL = "-O";
				VALIDATE_PRODUCT = YES;
			};
			name = Release;
		};
		47EA7D0829639CBE005CDC4E /* Debug */ = {
			isa = XCBuildConfiguration;
			baseConfigurationReference = 4E79224EE27A3B4B79FEE9D3 /* Pods-Instagram.debug.xcconfig */;
			buildSettings = {
				ASSETCATALOG_COMPILER_APPICON_NAME = AppIcon;
				ASSETCATALOG_COMPILER_GLOBAL_ACCENT_COLOR_NAME = AccentColor;
				CODE_SIGN_STYLE = Automatic;
				CURRENT_PROJECT_VERSION = 1;
				DEVELOPMENT_TEAM = K68DSN9255;
				GENERATE_INFOPLIST_FILE = YES;
				INFOPLIST_FILE = Instagram/Info.plist;
				INFOPLIST_KEY_UIApplicationSupportsIndirectInputEvents = YES;
				INFOPLIST_KEY_UILaunchStoryboardName = LaunchScreen;
				INFOPLIST_KEY_UIMainStoryboardFile = Main;
				INFOPLIST_KEY_UISupportedInterfaceOrientations = UIInterfaceOrientationPortrait;
				IPHONEOS_DEPLOYMENT_TARGET = 13.0;
				LD_RUNPATH_SEARCH_PATHS = (
					"$(inherited)",
					"@executable_path/Frameworks",
				);
				MARKETING_VERSION = 1.0;
				PRODUCT_BUNDLE_IDENTIFIER = com.jason.Instagram;
				PRODUCT_NAME = "$(TARGET_NAME)";
				SWIFT_EMIT_LOC_STRINGS = YES;
				SWIFT_VERSION = 5.0;
				TARGETED_DEVICE_FAMILY = "1,2";
			};
			name = Debug;
		};
		47EA7D0929639CBE005CDC4E /* Release */ = {
			isa = XCBuildConfiguration;
			baseConfigurationReference = 2354E9F54FCFFF0C4909BB00 /* Pods-Instagram.release.xcconfig */;
			buildSettings = {
				ASSETCATALOG_COMPILER_APPICON_NAME = AppIcon;
				ASSETCATALOG_COMPILER_GLOBAL_ACCENT_COLOR_NAME = AccentColor;
				CODE_SIGN_STYLE = Automatic;
				CURRENT_PROJECT_VERSION = 1;
				DEVELOPMENT_TEAM = K68DSN9255;
				GENERATE_INFOPLIST_FILE = YES;
				INFOPLIST_FILE = Instagram/Info.plist;
				INFOPLIST_KEY_UIApplicationSupportsIndirectInputEvents = YES;
				INFOPLIST_KEY_UILaunchStoryboardName = LaunchScreen;
				INFOPLIST_KEY_UIMainStoryboardFile = Main;
				INFOPLIST_KEY_UISupportedInterfaceOrientations = UIInterfaceOrientationPortrait;
				IPHONEOS_DEPLOYMENT_TARGET = 13.0;
				LD_RUNPATH_SEARCH_PATHS = (
					"$(inherited)",
					"@executable_path/Frameworks",
				);
				MARKETING_VERSION = 1.0;
				PRODUCT_BUNDLE_IDENTIFIER = com.jason.Instagram;
				PRODUCT_NAME = "$(TARGET_NAME)";
				SWIFT_EMIT_LOC_STRINGS = YES;
				SWIFT_VERSION = 5.0;
				TARGETED_DEVICE_FAMILY = "1,2";
			};
			name = Release;
		};
		47FD6EDA296E3E83001AF255 /* Debug */ = {
			isa = XCBuildConfiguration;
			baseConfigurationReference = AC81FB940E4CF730057AC266 /* Pods-InstagramTests.debug.xcconfig */;
			buildSettings = {
				BUNDLE_LOADER = "$(TEST_HOST)";
				CODE_SIGN_STYLE = Automatic;
				CURRENT_PROJECT_VERSION = 1;
				DEVELOPMENT_TEAM = K68DSN9255;
				GENERATE_INFOPLIST_FILE = YES;
				IPHONEOS_DEPLOYMENT_TARGET = 16.2;
				MARKETING_VERSION = 1.0;
				PRODUCT_BUNDLE_IDENTIFIER = com.jason.InstagramTests;
				PRODUCT_NAME = "$(TARGET_NAME)";
				SWIFT_EMIT_LOC_STRINGS = NO;
				SWIFT_VERSION = 5.0;
				TARGETED_DEVICE_FAMILY = "1,2";
				TEST_HOST = "$(BUILT_PRODUCTS_DIR)/Instagram.app/$(BUNDLE_EXECUTABLE_FOLDER_PATH)/Instagram";
			};
			name = Debug;
		};
		47FD6EDB296E3E83001AF255 /* Release */ = {
			isa = XCBuildConfiguration;
			baseConfigurationReference = 9A9A5B341D8C9AFA2ECB7181 /* Pods-InstagramTests.release.xcconfig */;
			buildSettings = {
				BUNDLE_LOADER = "$(TEST_HOST)";
				CODE_SIGN_STYLE = Automatic;
				CURRENT_PROJECT_VERSION = 1;
				DEVELOPMENT_TEAM = K68DSN9255;
				GENERATE_INFOPLIST_FILE = YES;
				IPHONEOS_DEPLOYMENT_TARGET = 16.2;
				MARKETING_VERSION = 1.0;
				PRODUCT_BUNDLE_IDENTIFIER = com.jason.InstagramTests;
				PRODUCT_NAME = "$(TARGET_NAME)";
				SWIFT_EMIT_LOC_STRINGS = NO;
				SWIFT_VERSION = 5.0;
				TARGETED_DEVICE_FAMILY = "1,2";
				TEST_HOST = "$(BUILT_PRODUCTS_DIR)/Instagram.app/$(BUNDLE_EXECUTABLE_FOLDER_PATH)/Instagram";
			};
			name = Release;
		};
/* End XCBuildConfiguration section */

/* Begin XCConfigurationList section */
		47EA7CEE29639CBD005CDC4E /* Build configuration list for PBXProject "Instagram" */ = {
			isa = XCConfigurationList;
			buildConfigurations = (
				47EA7D0529639CBE005CDC4E /* Debug */,
				47EA7D0629639CBE005CDC4E /* Release */,
			);
			defaultConfigurationIsVisible = 0;
			defaultConfigurationName = Release;
		};
		47EA7D0729639CBE005CDC4E /* Build configuration list for PBXNativeTarget "Instagram" */ = {
			isa = XCConfigurationList;
			buildConfigurations = (
				47EA7D0829639CBE005CDC4E /* Debug */,
				47EA7D0929639CBE005CDC4E /* Release */,
			);
			defaultConfigurationIsVisible = 0;
			defaultConfigurationName = Release;
		};
		47FD6EDC296E3E83001AF255 /* Build configuration list for PBXNativeTarget "InstagramTests" */ = {
			isa = XCConfigurationList;
			buildConfigurations = (
				47FD6EDA296E3E83001AF255 /* Debug */,
				47FD6EDB296E3E83001AF255 /* Release */,
			);
			defaultConfigurationIsVisible = 0;
			defaultConfigurationName = Release;
		};
/* End XCConfigurationList section */
	};
	rootObject = 47EA7CEB29639CBD005CDC4E /* Project object */;
}
